
Microsoft Visual Studio Solution File, Format Version 12.00
# Visual Studio Version 17
VisualStudioVersion = 17.14.35806.103 d17.14
MinimumVisualStudioVersion = 10.0.40219.1
Project("{FAE04EC0-301F-11D3-BF4B-00C04F79EFBC}") = "VnPay", "VnPay\VnPay.csproj", "{A4B4703A-D031-4B56-8667-8871E2256FA8}"
EndProject
Global
	GlobalSection(SolutionConfigurationPlatforms) = preSolution
		Debug|Any CPU = Debug|Any CPU
		Release|Any CPU = Release|Any CPU
	EndGlobalSection
	GlobalSection(ProjectConfigurationPlatforms) = postSolution
		{A4B4703A-D031-4B56-8667-8871E2256FA8}.Debug|Any CPU.ActiveCfg = Debug|Any CPU
		{A4B4703A-D031-4B56-8667-8871E2256FA8}.Debug|Any CPU.Build.0 = Debug|Any CPU
		{A4B4703A-D031-4B56-8667-8871E2256FA8}.Release|Any CPU.ActiveCfg = Release|Any CPU
		{A4B4703A-D031-4B56-8667-8871E2256FA8}.Release|Any CPU.Build.0 = Release|Any CPU
	EndGlobalSection
	GlobalSection(SolutionProperties) = preSolution
		HideSolutionNode = FALSE
	EndGlobalSection
	GlobalSection(ExtensibilityGlobals) = postSolution
		SolutionGuid = {2432E29E-E619-4CDA-A5A2-7EDD8203FC35}
	EndGlobalSection
EndGlobal
